
Microsoft Visual Studio Solution File, Format Version 12.00
# Visual Studio 14
VisualStudioVersion = 14.0.25420.1
MinimumVisualStudioVersion = 10.0.40219.1
Project("{FAE04EC0-301F-11D3-BF4B-00C04F79EFBC}") = "CentralServer", "CentralServer\CentralServer.csproj", "{D3A8017D-A782-4C30-9CD5-0328DBB6E221}"
EndProject
Project("{FAE04EC0-301F-11D3-BF4B-00C04F79EFBC}") = "ProcessingServer", "ProcessingServer\ProcessingServer.csproj", "{AA3EA0FA-C554-470A-8463-339A837B318F}"
EndProject
Project("{FAE04EC0-301F-11D3-BF4B-00C04F79EFBC}") = "ControlServer", "ControlServer\ControlServer.csproj", "{10B23E01-E021-4453-8EA2-3FAFA2D30ACE}"
EndProject
Project("{FAE04EC0-301F-11D3-BF4B-00C04F79EFBC}") = "Core", "Core\Core.csproj", "{1EB9F28C-23CD-4F3F-9C08-0A5E2305BCFD}"
EndProject
Project("{FAE04EC0-301F-11D3-BF4B-00C04F79EFBC}") = "Common", "Common\Common.csproj", "{1C2CBFB4-CBCA-4FCD-B95B-674EFA50CE83}"
EndProject
Global
	GlobalSection(SolutionConfigurationPlatforms) = preSolution
		Debug|Any CPU = Debug|Any CPU
		Release|Any CPU = Release|Any CPU
	EndGlobalSection
	GlobalSection(ProjectConfigurationPlatforms) = postSolution
		{D3A8017D-A782-4C30-9CD5-0328DBB6E221}.Debug|Any CPU.ActiveCfg = Debug|Any CPU
		{D3A8017D-A782-4C30-9CD5-0328DBB6E221}.Debug|Any CPU.Build.0 = Debug|Any CPU
		{D3A8017D-A782-4C30-9CD5-0328DBB6E221}.Release|Any CPU.ActiveCfg = Release|Any CPU
		{D3A8017D-A782-4C30-9CD5-0328DBB6E221}.Release|Any CPU.Build.0 = Release|Any CPU
		{AA3EA0FA-C554-470A-8463-339A837B318F}.Debug|Any CPU.ActiveCfg = Debug|Any CPU
		{AA3EA0FA-C554-470A-8463-339A837B318F}.Debug|Any CPU.Build.0 = Debug|Any CPU
		{AA3EA0FA-C554-470A-8463-339A837B318F}.Release|Any CPU.ActiveCfg = Release|Any CPU
		{AA3EA0FA-C554-470A-8463-339A837B318F}.Release|Any CPU.Build.0 = Release|Any CPU
		{10B23E01-E021-4453-8EA2-3FAFA2D30ACE}.Debug|Any CPU.ActiveCfg = Debug|Any CPU
		{10B23E01-E021-4453-8EA2-3FAFA2D30ACE}.Debug|Any CPU.Build.0 = Debug|Any CPU
		{10B23E01-E021-4453-8EA2-3FAFA2D30ACE}.Release|Any CPU.ActiveCfg = Release|Any CPU
		{10B23E01-E021-4453-8EA2-3FAFA2D30ACE}.Release|Any CPU.Build.0 = Release|Any CPU
		{1EB9F28C-23CD-4F3F-9C08-0A5E2305BCFD}.Debug|Any CPU.ActiveCfg = Debug|Any CPU
		{1EB9F28C-23CD-4F3F-9C08-0A5E2305BCFD}.Debug|Any CPU.Build.0 = Debug|Any CPU
		{1EB9F28C-23CD-4F3F-9C08-0A5E2305BCFD}.Release|Any CPU.ActiveCfg = Release|Any CPU
		{1EB9F28C-23CD-4F3F-9C08-0A5E2305BCFD}.Release|Any CPU.Build.0 = Release|Any CPU
		{1C2CBFB4-CBCA-4FCD-B95B-674EFA50CE83}.Debug|Any CPU.ActiveCfg = Debug|Any CPU
		{1C2CBFB4-CBCA-4FCD-B95B-674EFA50CE83}.Debug|Any CPU.Build.0 = Debug|Any CPU
		{1C2CBFB4-CBCA-4FCD-B95B-674EFA50CE83}.Release|Any CPU.ActiveCfg = Release|Any CPU
		{1C2CBFB4-CBCA-4FCD-B95B-674EFA50CE83}.Release|Any CPU.Build.0 = Release|Any CPU
	EndGlobalSection
	GlobalSection(SolutionProperties) = preSolution
		HideSolutionNode = FALSE
	EndGlobalSection
EndGlobal
